// !$*UTF8*$!
{
	archiveVersion = 1;
	classes = {
	};
	objectVersion = 50;
	objects = {

/* Begin PBXBuildFile section */
		0B848FE525DC967300FA7F6F /* AppDelegate.swift in Sources */ = {isa = PBXBuildFile; fileRef = 0B848FE425DC967300FA7F6F /* AppDelegate.swift */; };
		0B848FE725DC967300FA7F6F /* SceneDelegate.swift in Sources */ = {isa = PBXBuildFile; fileRef = 0B848FE625DC967300FA7F6F /* SceneDelegate.swift */; };
		0B848FEC25DC967300FA7F6F /* Main.storyboard in Resources */ = {isa = PBXBuildFile; fileRef = 0B848FEA25DC967300FA7F6F /* Main.storyboard */; };
		0B848FEE25DC967900FA7F6F /* Assets.xcassets in Resources */ = {isa = PBXBuildFile; fileRef = 0B848FED25DC967900FA7F6F /* Assets.xcassets */; };
		0B848FF125DC967900FA7F6F /* LaunchScreen.storyboard in Resources */ = {isa = PBXBuildFile; fileRef = 0B848FEF25DC967900FA7F6F /* LaunchScreen.storyboard */; };
		0B848FFC25DC967A00FA7F6F /* flixterTests.swift in Sources */ = {isa = PBXBuildFile; fileRef = 0B848FFB25DC967A00FA7F6F /* flixterTests.swift */; };
		0B84900725DC967A00FA7F6F /* flixterUITests.swift in Sources */ = {isa = PBXBuildFile; fileRef = 0B84900625DC967A00FA7F6F /* flixterUITests.swift */; };
		0B84901B25DC9DFA00FA7F6F /* FlixViewController.swift in Sources */ = {isa = PBXBuildFile; fileRef = 0B84901A25DC9DFA00FA7F6F /* FlixViewController.swift */; };
		0BE96B9925DD39EF00FBE9F5 /* FlixCell.swift in Sources */ = {isa = PBXBuildFile; fileRef = 0BE96B9825DD39EF00FBE9F5 /* FlixCell.swift */; };
		52C1195E16A36E4AA2BA30E4 /* Pods_flixter.framework in Frameworks */ = {isa = PBXBuildFile; fileRef = 4957BFE9E94E24436695D302 /* Pods_flixter.framework */; };
		91997CEF5165C9228AA257DB /* Pods_flixterTests.framework in Frameworks */ = {isa = PBXBuildFile; fileRef = 4D9E67073DA9D259AD8AD2A3 /* Pods_flixterTests.framework */; };
		D63601EB1BAB72C81E9E602D /* Pods_flixter_flixterUITests.framework in Frameworks */ = {isa = PBXBuildFile; fileRef = 0DE35970142A191A3C3DF355 /* Pods_flixter_flixterUITests.framework */; };
/* End PBXBuildFile section */

/* Begin PBXContainerItemProxy section */
		0B848FF825DC967A00FA7F6F /* PBXContainerItemProxy */ = {
			isa = PBXContainerItemProxy;
			containerPortal = 0B848FD925DC967300FA7F6F /* Project object */;
			proxyType = 1;
			remoteGlobalIDString = 0B848FE025DC967300FA7F6F;
			remoteInfo = flixter;
		};
		0B84900325DC967A00FA7F6F /* PBXContainerItemProxy */ = {
			isa = PBXContainerItemProxy;
			containerPortal = 0B848FD925DC967300FA7F6F /* Project object */;
			proxyType = 1;
			remoteGlobalIDString = 0B848FE025DC967300FA7F6F;
			remoteInfo = flixter;
		};
/* End PBXContainerItemProxy section */

/* Begin PBXFileReference section */
		0B848FE125DC967300FA7F6F /* flixter.app */ = {isa = PBXFileReference; explicitFileType = wrapper.application; includeInIndex = 0; path = flixter.app; sourceTree = BUILT_PRODUCTS_DIR; };
		0B848FE425DC967300FA7F6F /* AppDelegate.swift */ = {isa = PBXFileReference; lastKnownFileType = sourcecode.swift; path = AppDelegate.swift; sourceTree = "<group>"; };
		0B848FE625DC967300FA7F6F /* SceneDelegate.swift */ = {isa = PBXFileReference; lastKnownFileType = sourcecode.swift; path = SceneDelegate.swift; sourceTree = "<group>"; };
		0B848FEB25DC967300FA7F6F /* Base */ = {isa = PBXFileReference; lastKnownFileType = file.storyboard; name = Base; path = Base.lproj/Main.storyboard; sourceTree = "<group>"; };
		0B848FED25DC967900FA7F6F /* Assets.xcassets */ = {isa = PBXFileReference; lastKnownFileType = folder.assetcatalog; path = Assets.xcassets; sourceTree = "<group>"; };
		0B848FF025DC967900FA7F6F /* Base */ = {isa = PBXFileReference; lastKnownFileType = file.storyboard; name = Base; path = Base.lproj/LaunchScreen.storyboard; sourceTree = "<group>"; };
		0B848FF225DC967900FA7F6F /* Info.plist */ = {isa = PBXFileReference; lastKnownFileType = text.plist.xml; path = Info.plist; sourceTree = "<group>"; };
		0B848FF725DC967A00FA7F6F /* flixterTests.xctest */ = {isa = PBXFileReference; explicitFileType = wrapper.cfbundle; includeInIndex = 0; path = flixterTests.xctest; sourceTree = BUILT_PRODUCTS_DIR; };
		0B848FFB25DC967A00FA7F6F /* flixterTests.swift */ = {isa = PBXFileReference; lastKnownFileType = sourcecode.swift; path = flixterTests.swift; sourceTree = "<group>"; };
		0B848FFD25DC967A00FA7F6F /* Info.plist */ = {isa = PBXFileReference; lastKnownFileType = text.plist.xml; path = Info.plist; sourceTree = "<group>"; };
		0B84900225DC967A00FA7F6F /* flixterUITests.xctest */ = {isa = PBXFileReference; explicitFileType = wrapper.cfbundle; includeInIndex = 0; path = flixterUITests.xctest; sourceTree = BUILT_PRODUCTS_DIR; };
		0B84900625DC967A00FA7F6F /* flixterUITests.swift */ = {isa = PBXFileReference; lastKnownFileType = sourcecode.swift; path = flixterUITests.swift; sourceTree = "<group>"; };
		0B84900825DC967A00FA7F6F /* Info.plist */ = {isa = PBXFileReference; lastKnownFileType = text.plist.xml; path = Info.plist; sourceTree = "<group>"; };
		0B84901A25DC9DFA00FA7F6F /* FlixViewController.swift */ = {isa = PBXFileReference; lastKnownFileType = sourcecode.swift; path = FlixViewController.swift; sourceTree = "<group>"; };
		0BE96B9825DD39EF00FBE9F5 /* FlixCell.swift */ = {isa = PBXFileReference; lastKnownFileType = sourcecode.swift; path = FlixCell.swift; sourceTree = "<group>"; };
		0DE35970142A191A3C3DF355 /* Pods_flixter_flixterUITests.framework */ = {isa = PBXFileReference; explicitFileType = wrapper.framework; includeInIndex = 0; path = Pods_flixter_flixterUITests.framework; sourceTree = BUILT_PRODUCTS_DIR; };
		33ADEDDF6EB0105C246B0166 /* Pods-flixter-flixterUITests.debug.xcconfig */ = {isa = PBXFileReference; includeInIndex = 1; lastKnownFileType = text.xcconfig; name = "Pods-flixter-flixterUITests.debug.xcconfig"; path = "Target Support Files/Pods-flixter-flixterUITests/Pods-flixter-flixterUITests.debug.xcconfig"; sourceTree = "<group>"; };
		4957BFE9E94E24436695D302 /* Pods_flixter.framework */ = {isa = PBXFileReference; explicitFileType = wrapper.framework; includeInIndex = 0; path = Pods_flixter.framework; sourceTree = BUILT_PRODUCTS_DIR; };
		4D9E67073DA9D259AD8AD2A3 /* Pods_flixterTests.framework */ = {isa = PBXFileReference; explicitFileType = wrapper.framework; includeInIndex = 0; path = Pods_flixterTests.framework; sourceTree = BUILT_PRODUCTS_DIR; };
		53775FB00EA7A581619EA93D /* Pods-flixter.release.xcconfig */ = {isa = PBXFileReference; includeInIndex = 1; lastKnownFileType = text.xcconfig; name = "Pods-flixter.release.xcconfig"; path = "Target Support Files/Pods-flixter/Pods-flixter.release.xcconfig"; sourceTree = "<group>"; };
		E157F890DAABFA71C998C52C /* Pods-flixterTests.debug.xcconfig */ = {isa = PBXFileReference; includeInIndex = 1; lastKnownFileType = text.xcconfig; name = "Pods-flixterTests.debug.xcconfig"; path = "Target Support Files/Pods-flixterTests/Pods-flixterTests.debug.xcconfig"; sourceTree = "<group>"; };
		E374560C6A966E0AA2563B5C /* Pods-flixterTests.release.xcconfig */ = {isa = PBXFileReference; includeInIndex = 1; lastKnownFileType = text.xcconfig; name = "Pods-flixterTests.release.xcconfig"; path = "Target Support Files/Pods-flixterTests/Pods-flixterTests.release.xcconfig"; sourceTree = "<group>"; };
		E791C5BC011A22EAC67D0E87 /* Pods-flixter.debug.xcconfig */ = {isa = PBXFileReference; includeInIndex = 1; lastKnownFileType = text.xcconfig; name = "Pods-flixter.debug.xcconfig"; path = "Target Support Files/Pods-flixter/Pods-flixter.debug.xcconfig"; sourceTree = "<group>"; };
		ED2BBC6550039BAE19BA8AA9 /* Pods-flixter-flixterUITests.release.xcconfig */ = {isa = PBXFileReference; includeInIndex = 1; lastKnownFileType = text.xcconfig; name = "Pods-flixter-flixterUITests.release.xcconfig"; path = "Target Support Files/Pods-flixter-flixterUITests/Pods-flixter-flixterUITests.release.xcconfig"; sourceTree = "<group>"; };
/* End PBXFileReference section */

/* Begin PBXFrameworksBuildPhase section */
		0B848FDE25DC967300FA7F6F /* Frameworks */ = {
			isa = PBXFrameworksBuildPhase;
			buildActionMask = 2147483647;
			files = (
				52C1195E16A36E4AA2BA30E4 /* Pods_flixter.framework in Frameworks */,
			);
			runOnlyForDeploymentPostprocessing = 0;
		};
		0B848FF425DC967A00FA7F6F /* Frameworks */ = {
			isa = PBXFrameworksBuildPhase;
			buildActionMask = 2147483647;
			files = (
				91997CEF5165C9228AA257DB /* Pods_flixterTests.framework in Frameworks */,
			);
			runOnlyForDeploymentPostprocessing = 0;
		};
		0B848FFF25DC967A00FA7F6F /* Frameworks */ = {
			isa = PBXFrameworksBuildPhase;
			buildActionMask = 2147483647;
			files = (
				D63601EB1BAB72C81E9E602D /* Pods_flixter_flixterUITests.framework in Frameworks */,
			);
			runOnlyForDeploymentPostprocessing = 0;
		};
/* End PBXFrameworksBuildPhase section */

/* Begin PBXGroup section */
		0B848FD825DC967300FA7F6F = {
			isa = PBXGroup;
			children = (
				0B848FE325DC967300FA7F6F /* flixter */,
				0B848FFA25DC967A00FA7F6F /* flixterTests */,
				0B84900525DC967A00FA7F6F /* flixterUITests */,
				0B848FE225DC967300FA7F6F /* Products */,
				2A708C013A6E2355FEF3DCBC /* Pods */,
				36373BE9C1B1A14051876BC8 /* Frameworks */,
			);
			sourceTree = "<group>";
		};
		0B848FE225DC967300FA7F6F /* Products */ = {
			isa = PBXGroup;
			children = (
				0B848FE125DC967300FA7F6F /* flixter.app */,
				0B848FF725DC967A00FA7F6F /* flixterTests.xctest */,
				0B84900225DC967A00FA7F6F /* flixterUITests.xctest */,
			);
			name = Products;
			sourceTree = "<group>";
		};
		0B848FE325DC967300FA7F6F /* flixter */ = {
			isa = PBXGroup;
			children = (
				0B848FE425DC967300FA7F6F /* AppDelegate.swift */,
				0B848FE625DC967300FA7F6F /* SceneDelegate.swift */,
				0B848FEA25DC967300FA7F6F /* Main.storyboard */,
				0BE96B9825DD39EF00FBE9F5 /* FlixCell.swift */,
				0B84901A25DC9DFA00FA7F6F /* FlixViewController.swift */,
				0B848FED25DC967900FA7F6F /* Assets.xcassets */,
				0B848FEF25DC967900FA7F6F /* LaunchScreen.storyboard */,
				0B848FF225DC967900FA7F6F /* Info.plist */,
			);
			path = flixter;
			sourceTree = "<group>";
		};
		0B848FFA25DC967A00FA7F6F /* flixterTests */ = {
			isa = PBXGroup;
			children = (
				0B848FFB25DC967A00FA7F6F /* flixterTests.swift */,
				0B848FFD25DC967A00FA7F6F /* Info.plist */,
			);
			path = flixterTests;
			sourceTree = "<group>";
		};
		0B84900525DC967A00FA7F6F /* flixterUITests */ = {
			isa = PBXGroup;
			children = (
				0B84900625DC967A00FA7F6F /* flixterUITests.swift */,
				0B84900825DC967A00FA7F6F /* Info.plist */,
			);
			path = flixterUITests;
			sourceTree = "<group>";
		};
		2A708C013A6E2355FEF3DCBC /* Pods */ = {
			isa = PBXGroup;
			children = (
				E791C5BC011A22EAC67D0E87 /* Pods-flixter.debug.xcconfig */,
				53775FB00EA7A581619EA93D /* Pods-flixter.release.xcconfig */,
				33ADEDDF6EB0105C246B0166 /* Pods-flixter-flixterUITests.debug.xcconfig */,
				ED2BBC6550039BAE19BA8AA9 /* Pods-flixter-flixterUITests.release.xcconfig */,
				E157F890DAABFA71C998C52C /* Pods-flixterTests.debug.xcconfig */,
				E374560C6A966E0AA2563B5C /* Pods-flixterTests.release.xcconfig */,
			);
			name = Pods;
			path = Pods;
			sourceTree = "<group>";
		};
		36373BE9C1B1A14051876BC8 /* Frameworks */ = {
			isa = PBXGroup;
			children = (
				4957BFE9E94E24436695D302 /* Pods_flixter.framework */,
				0DE35970142A191A3C3DF355 /* Pods_flixter_flixterUITests.framework */,
				4D9E67073DA9D259AD8AD2A3 /* Pods_flixterTests.framework */,
			);
			name = Frameworks;
			sourceTree = "<group>";
		};
/* End PBXGroup section */

/* Begin PBXNativeTarget section */
		0B848FE025DC967300FA7F6F /* flixter */ = {
			isa = PBXNativeTarget;
			buildConfigurationList = 0B84900B25DC967A00FA7F6F /* Build configuration list for PBXNativeTarget "flixter" */;
			buildPhases = (
				5981B64054A100F305373483 /* [CP] Check Pods Manifest.lock */,
				0B848FDD25DC967300FA7F6F /* Sources */,
				0B848FDE25DC967300FA7F6F /* Frameworks */,
				0B848FDF25DC967300FA7F6F /* Resources */,
				5B716F99EB7F5EF91A1BCE05 /* [CP] Embed Pods Frameworks */,
			);
			buildRules = (
			);
			dependencies = (
			);
			name = flixter;
			productName = flixter;
			productReference = 0B848FE125DC967300FA7F6F /* flixter.app */;
			productType = "com.apple.product-type.application";
		};
		0B848FF625DC967A00FA7F6F /* flixterTests */ = {
			isa = PBXNativeTarget;
			buildConfigurationList = 0B84900E25DC967A00FA7F6F /* Build configuration list for PBXNativeTarget "flixterTests" */;
			buildPhases = (
				5EAF521A067794C8ABBB9180 /* [CP] Check Pods Manifest.lock */,
				0B848FF325DC967A00FA7F6F /* Sources */,
				0B848FF425DC967A00FA7F6F /* Frameworks */,
				0B848FF525DC967A00FA7F6F /* Resources */,
			);
			buildRules = (
			);
			dependencies = (
				0B848FF925DC967A00FA7F6F /* PBXTargetDependency */,
			);
			name = flixterTests;
			productName = flixterTests;
			productReference = 0B848FF725DC967A00FA7F6F /* flixterTests.xctest */;
			productType = "com.apple.product-type.bundle.unit-test";
		};
		0B84900125DC967A00FA7F6F /* flixterUITests */ = {
			isa = PBXNativeTarget;
			buildConfigurationList = 0B84901125DC967A00FA7F6F /* Build configuration list for PBXNativeTarget "flixterUITests" */;
			buildPhases = (
				E380E8E7C53EBB9E3AD3894B /* [CP] Check Pods Manifest.lock */,
				0B848FFE25DC967A00FA7F6F /* Sources */,
				0B848FFF25DC967A00FA7F6F /* Frameworks */,
				0B84900025DC967A00FA7F6F /* Resources */,
				24F004202CBEED14770C1E03 /* [CP] Embed Pods Frameworks */,
			);
			buildRules = (
			);
			dependencies = (
				0B84900425DC967A00FA7F6F /* PBXTargetDependency */,
			);
			name = flixterUITests;
			productName = flixterUITests;
			productReference = 0B84900225DC967A00FA7F6F /* flixterUITests.xctest */;
			productType = "com.apple.product-type.bundle.ui-testing";
		};
/* End PBXNativeTarget section */

/* Begin PBXProject section */
		0B848FD925DC967300FA7F6F /* Project object */ = {
			isa = PBXProject;
			attributes = {
				LastSwiftUpdateCheck = 1240;
				LastUpgradeCheck = 1240;
				TargetAttributes = {
					0B848FE025DC967300FA7F6F = {
						CreatedOnToolsVersion = 12.4;
					};
					0B848FF625DC967A00FA7F6F = {
						CreatedOnToolsVersion = 12.4;
						TestTargetID = 0B848FE025DC967300FA7F6F;
					};
					0B84900125DC967A00FA7F6F = {
						CreatedOnToolsVersion = 12.4;
						TestTargetID = 0B848FE025DC967300FA7F6F;
					};
				};
			};
			buildConfigurationList = 0B848FDC25DC967300FA7F6F /* Build configuration list for PBXProject "flixter" */;
			compatibilityVersion = "Xcode 9.3";
			developmentRegion = en;
			hasScannedForEncodings = 0;
			knownRegions = (
				en,
				Base,
			);
			mainGroup = 0B848FD825DC967300FA7F6F;
			productRefGroup = 0B848FE225DC967300FA7F6F /* Products */;
			projectDirPath = "";
			projectRoot = "";
			targets = (
				0B848FE025DC967300FA7F6F /* flixter */,
				0B848FF625DC967A00FA7F6F /* flixterTests */,
				0B84900125DC967A00FA7F6F /* flixterUITests */,
			);
		};
/* End PBXProject section */

/* Begin PBXResourcesBuildPhase section */
		0B848FDF25DC967300FA7F6F /* Resources */ = {
			isa = PBXResourcesBuildPhase;
			buildActionMask = 2147483647;
			files = (
				0B848FF125DC967900FA7F6F /* LaunchScreen.storyboard in Resources */,
				0B848FEE25DC967900FA7F6F /* Assets.xcassets in Resources */,
				0B848FEC25DC967300FA7F6F /* Main.storyboard in Resources */,
			);
			runOnlyForDeploymentPostprocessing = 0;
		};
		0B848FF525DC967A00FA7F6F /* Resources */ = {
			isa = PBXResourcesBuildPhase;
			buildActionMask = 2147483647;
			files = (
			);
			runOnlyForDeploymentPostprocessing = 0;
		};
		0B84900025DC967A00FA7F6F /* Resources */ = {
			isa = PBXResourcesBuildPhase;
			buildActionMask = 2147483647;
			files = (
			);
			runOnlyForDeploymentPostprocessing = 0;
		};
/* End PBXResourcesBuildPhase section */

/* Begin PBXShellScriptBuildPhase section */
		24F004202CBEED14770C1E03 /* [CP] Embed Pods Frameworks */ = {
			isa = PBXShellScriptBuildPhase;
			buildActionMask = 2147483647;
			files = (
			);
			inputFileListPaths = (
				"${PODS_ROOT}/Target Support Files/Pods-flixter-flixterUITests/Pods-flixter-flixterUITests-frameworks-${CONFIGURATION}-input-files.xcfilelist",
			);
			name = "[CP] Embed Pods Frameworks";
			outputFileListPaths = (
				"${PODS_ROOT}/Target Support Files/Pods-flixter-flixterUITests/Pods-flixter-flixterUITests-frameworks-${CONFIGURATION}-output-files.xcfilelist",
			);
			runOnlyForDeploymentPostprocessing = 0;
			shellPath = /bin/sh;
			shellScript = "\"${PODS_ROOT}/Target Support Files/Pods-flixter-flixterUITests/Pods-flixter-flixterUITests-frameworks.sh\"\n";
			showEnvVarsInLog = 0;
		};
		5981B64054A100F305373483 /* [CP] Check Pods Manifest.lock */ = {
			isa = PBXShellScriptBuildPhase;
			buildActionMask = 2147483647;
			files = (
			);
			inputFileListPaths = (
			);
			inputPaths = (
				"${PODS_PODFILE_DIR_PATH}/Podfile.lock",
				"${PODS_ROOT}/Manifest.lock",
			);
			name = "[CP] Check Pods Manifest.lock";
			outputFileListPaths = (
			);
			outputPaths = (
				"$(DERIVED_FILE_DIR)/Pods-flixter-checkManifestLockResult.txt",
			);
			runOnlyForDeploymentPostprocessing = 0;
			shellPath = /bin/sh;
			shellScript = "diff \"${PODS_PODFILE_DIR_PATH}/Podfile.lock\" \"${PODS_ROOT}/Manifest.lock\" > /dev/null\nif [ $? != 0 ] ; then\n    # print error to STDERR\n    echo \"error: The sandbox is not in sync with the Podfile.lock. Run 'pod install' or update your CocoaPods installation.\" >&2\n    exit 1\nfi\n# This output is used by Xcode 'outputs' to avoid re-running this script phase.\necho \"SUCCESS\" > \"${SCRIPT_OUTPUT_FILE_0}\"\n";
			showEnvVarsInLog = 0;
		};
		5B716F99EB7F5EF91A1BCE05 /* [CP] Embed Pods Frameworks */ = {
			isa = PBXShellScriptBuildPhase;
			buildActionMask = 2147483647;
			files = (
			);
			inputFileListPaths = (
				"${PODS_ROOT}/Target Support Files/Pods-flixter/Pods-flixter-frameworks-${CONFIGURATION}-input-files.xcfilelist",
			);
			name = "[CP] Embed Pods Frameworks";
			outputFileListPaths = (
				"${PODS_ROOT}/Target Support Files/Pods-flixter/Pods-flixter-frameworks-${CONFIGURATION}-output-files.xcfilelist",
			);
			runOnlyForDeploymentPostprocessing = 0;
			shellPath = /bin/sh;
			shellScript = "\"${PODS_ROOT}/Target Support Files/Pods-flixter/Pods-flixter-frameworks.sh\"\n";
			showEnvVarsInLog = 0;
		};
		5EAF521A067794C8ABBB9180 /* [CP] Check Pods Manifest.lock */ = {
			isa = PBXShellScriptBuildPhase;
			buildActionMask = 2147483647;
			files = (
			);
			inputFileListPaths = (
			);
			inputPaths = (
				"${PODS_PODFILE_DIR_PATH}/Podfile.lock",
				"${PODS_ROOT}/Manifest.lock",
			);
			name = "[CP] Check Pods Manifest.lock";
			outputFileListPaths = (
			);
			outputPaths = (
				"$(DERIVED_FILE_DIR)/Pods-flixterTests-checkManifestLockResult.txt",
			);
			runOnlyForDeploymentPostprocessing = 0;
			shellPath = /bin/sh;
			shellScript = "diff \"${PODS_PODFILE_DIR_PATH}/Podfile.lock\" \"${PODS_ROOT}/Manifest.lock\" > /dev/null\nif [ $? != 0 ] ; then\n    # print error to STDERR\n    echo \"error: The sandbox is not in sync with the Podfile.lock. Run 'pod install' or update your CocoaPods installation.\" >&2\n    exit 1\nfi\n# This output is used by Xcode 'outputs' to avoid re-running this script phase.\necho \"SUCCESS\" > \"${SCRIPT_OUTPUT_FILE_0}\"\n";
			showEnvVarsInLog = 0;
		};
		E380E8E7C53EBB9E3AD3894B /* [CP] Check Pods Manifest.lock */ = {
			isa = PBXShellScriptBuildPhase;
			buildActionMask = 2147483647;
			files = (
			);
			inputFileListPaths = (
			);
			inputPaths = (
				"${PODS_PODFILE_DIR_PATH}/Podfile.lock",
				"${PODS_ROOT}/Manifest.lock",
			);
			name = "[CP] Check Pods Manifest.lock";
			outputFileListPaths = (
			);
			outputPaths = (
				"$(DERIVED_FILE_DIR)/Pods-flixter-flixterUITests-checkManifestLockResult.txt",
			);
			runOnlyForDeploymentPostprocessing = 0;
			shellPath = /bin/sh;
			shellScript = "diff \"${PODS_PODFILE_DIR_PATH}/Podfile.lock\" \"${PODS_ROOT}/Manifest.lock\" > /dev/null\nif [ $? != 0 ] ; then\n    # print error to STDERR\n    echo \"error: The sandbox is not in sync with the Podfile.lock. Run 'pod install' or update your CocoaPods installation.\" >&2\n    exit 1\nfi\n# This output is used by Xcode 'outputs' to avoid re-running this script phase.\necho \"SUCCESS\" > \"${SCRIPT_OUTPUT_FILE_0}\"\n";
			showEnvVarsInLog = 0;
		};
/* End PBXShellScriptBuildPhase section */

/* Begin PBXSourcesBuildPhase section */
		0B848FDD25DC967300FA7F6F /* Sources */ = {
			isa = PBXSourcesBuildPhase;
			buildActionMask = 2147483647;
			files = (
				0BE96B9925DD39EF00FBE9F5 /* FlixCell.swift in Sources */,
				0B848FE525DC967300FA7F6F /* AppDelegate.swift in Sources */,
				0B84901B25DC9DFA00FA7F6F /* FlixViewController.swift in Sources */,
				0B848FE725DC967300FA7F6F /* SceneDelegate.swift in Sources */,
			);
			runOnlyForDeploymentPostprocessing = 0;
		};
		0B848FF325DC967A00FA7F6F /* Sources */ = {
			isa = PBXSourcesBuildPhase;
			buildActionMask = 2147483647;
			files = (
				0B848FFC25DC967A00FA7F6F /* flixterTests.swift in Sources */,
			);
			runOnlyForDeploymentPostprocessing = 0;
		};
		0B848FFE25DC967A00FA7F6F /* Sources */ = {
			isa = PBXSourcesBuildPhase;
			buildActionMask = 2147483647;
			files = (
				0B84900725DC967A00FA7F6F /* flixterUITests.swift in Sources */,
			);
			runOnlyForDeploymentPostprocessing = 0;
		};
/* End PBXSourcesBuildPhase section */

/* Begin PBXTargetDependency section */
		0B848FF925DC967A00FA7F6F /* PBXTargetDependency */ = {
			isa = PBXTargetDependency;
			target = 0B848FE025DC967300FA7F6F /* flixter */;
			targetProxy = 0B848FF825DC967A00FA7F6F /* PBXContainerItemProxy */;
		};
		0B84900425DC967A00FA7F6F /* PBXTargetDependency */ = {
			isa = PBXTargetDependency;
			target = 0B848FE025DC967300FA7F6F /* flixter */;
			targetProxy = 0B84900325DC967A00FA7F6F /* PBXContainerItemProxy */;
		};
/* End PBXTargetDependency section */

/* Begin PBXVariantGroup section */
		0B848FEA25DC967300FA7F6F /* Main.storyboard */ = {
			isa = PBXVariantGroup;
			children = (
				0B848FEB25DC967300FA7F6F /* Base */,
			);
			name = Main.storyboard;
			sourceTree = "<group>";
		};
		0B848FEF25DC967900FA7F6F /* LaunchScreen.storyboard */ = {
			isa = PBXVariantGroup;
			children = (
				0B848FF025DC967900FA7F6F /* Base */,
			);
			name = LaunchScreen.storyboard;
			sourceTree = "<group>";
		};
/* End PBXVariantGroup section */

/* Begin XCBuildConfiguration section */
		0B84900925DC967A00FA7F6F /* Debug */ = {
			isa = XCBuildConfiguration;
			buildSettings = {
				ALWAYS_SEARCH_USER_PATHS = NO;
				CLANG_ANALYZER_NONNULL = YES;
				CLANG_ANALYZER_NUMBER_OBJECT_CONVERSION = YES_AGGRESSIVE;
				CLANG_CXX_LANGUAGE_STANDARD = "gnu++14";
				CLANG_CXX_LIBRARY = "libc++";
				CLANG_ENABLE_MODULES = YES;
				CLANG_ENABLE_OBJC_ARC = YES;
				CLANG_ENABLE_OBJC_WEAK = YES;
				CLANG_WARN_BLOCK_CAPTURE_AUTORELEASING = YES;
				CLANG_WARN_BOOL_CONVERSION = YES;
				CLANG_WARN_COMMA = YES;
				CLANG_WARN_CONSTANT_CONVERSION = YES;
				CLANG_WARN_DEPRECATED_OBJC_IMPLEMENTATIONS = YES;
				CLANG_WARN_DIRECT_OBJC_ISA_USAGE = YES_ERROR;
				CLANG_WARN_DOCUMENTATION_COMMENTS = YES;
				CLANG_WARN_EMPTY_BODY = YES;
				CLANG_WARN_ENUM_CONVERSION = YES;
				CLANG_WARN_INFINITE_RECURSION = YES;
				CLANG_WARN_INT_CONVERSION = YES;
				CLANG_WARN_NON_LITERAL_NULL_CONVERSION = YES;
				CLANG_WARN_OBJC_IMPLICIT_RETAIN_SELF = YES;
				CLANG_WARN_OBJC_LITERAL_CONVERSION = YES;
				CLANG_WARN_OBJC_ROOT_CLASS = YES_ERROR;
				CLANG_WARN_QUOTED_INCLUDE_IN_FRAMEWORK_HEADER = YES;
				CLANG_WARN_RANGE_LOOP_ANALYSIS = YES;
				CLANG_WARN_STRICT_PROTOTYPES = YES;
				CLANG_WARN_SUSPICIOUS_MOVE = YES;
				CLANG_WARN_UNGUARDED_AVAILABILITY = YES_AGGRESSIVE;
				CLANG_WARN_UNREACHABLE_CODE = YES;
				CLANG_WARN__DUPLICATE_METHOD_MATCH = YES;
				COPY_PHASE_STRIP = NO;
				DEBUG_INFORMATION_FORMAT = dwarf;
				ENABLE_STRICT_OBJC_MSGSEND = YES;
				ENABLE_TESTABILITY = YES;
				GCC_C_LANGUAGE_STANDARD = gnu11;
				GCC_DYNAMIC_NO_PIC = NO;
				GCC_NO_COMMON_BLOCKS = YES;
				GCC_OPTIMIZATION_LEVEL = 0;
				GCC_PREPROCESSOR_DEFINITIONS = (
					"DEBUG=1",
					"$(inherited)",
				);
				GCC_WARN_64_TO_32_BIT_CONVERSION = YES;
				GCC_WARN_ABOUT_RETURN_TYPE = YES_ERROR;
				GCC_WARN_UNDECLARED_SELECTOR = YES;
				GCC_WARN_UNINITIALIZED_AUTOS = YES_AGGRESSIVE;
				GCC_WARN_UNUSED_FUNCTION = YES;
				GCC_WARN_UNUSED_VARIABLE = YES;
				IPHONEOS_DEPLOYMENT_TARGET = 14.4;
				MTL_ENABLE_DEBUG_INFO = INCLUDE_SOURCE;
				MTL_FAST_MATH = YES;
				ONLY_ACTIVE_ARCH = YES;
				SDKROOT = iphoneos;
				SWIFT_ACTIVE_COMPILATION_CONDITIONS = DEBUG;
				SWIFT_OPTIMIZATION_LEVEL = "-Onone";
			};
			name = Debug;
		};
		0B84900A25DC967A00FA7F6F /* Release */ = {
			isa = XCBuildConfiguration;
			buildSettings = {
				ALWAYS_SEARCH_USER_PATHS = NO;
				CLANG_ANALYZER_NONNULL = YES;
				CLANG_ANALYZER_NUMBER_OBJECT_CONVERSION = YES_AGGRESSIVE;
				CLANG_CXX_LANGUAGE_STANDARD = "gnu++14";
				CLANG_CXX_LIBRARY = "libc++";
				CLANG_ENABLE_MODULES = YES;
				CLANG_ENABLE_OBJC_ARC = YES;
				CLANG_ENABLE_OBJC_WEAK = YES;
				CLANG_WARN_BLOCK_CAPTURE_AUTORELEASING = YES;
				CLANG_WARN_BOOL_CONVERSION = YES;
				CLANG_WARN_COMMA = YES;
				CLANG_WARN_CONSTANT_CONVERSION = YES;
				CLANG_WARN_DEPRECATED_OBJC_IMPLEMENTATIONS = YES;
				CLANG_WARN_DIRECT_OBJC_ISA_USAGE = YES_ERROR;
				CLANG_WARN_DOCUMENTATION_COMMENTS = YES;
				CLANG_WARN_EMPTY_BODY = YES;
				CLANG_WARN_ENUM_CONVERSION = YES;
				CLANG_WARN_INFINITE_RECURSION = YES;
				CLANG_WARN_INT_CONVERSION = YES;
				CLANG_WARN_NON_LITERAL_NULL_CONVERSION = YES;
				CLANG_WARN_OBJC_IMPLICIT_RETAIN_SELF = YES;
				CLANG_WARN_OBJC_LITERAL_CONVERSION = YES;
				CLANG_WARN_OBJC_ROOT_CLASS = YES_ERROR;
				CLANG_WARN_QUOTED_INCLUDE_IN_FRAMEWORK_HEADER = YES;
				CLANG_WARN_RANGE_LOOP_ANALYSIS = YES;
				CLANG_WARN_STRICT_PROTOTYPES = YES;
				CLANG_WARN_SUSPICIOUS_MOVE = YES;
				CLANG_WARN_UNGUARDED_AVAILABILITY = YES_AGGRESSIVE;
				CLANG_WARN_UNREACHABLE_CODE = YES;
				CLANG_WARN__DUPLICATE_METHOD_MATCH = YES;
				COPY_PHASE_STRIP = NO;
				DEBUG_INFORMATION_FORMAT = "dwarf-with-dsym";
				ENABLE_NS_ASSERTIONS = NO;
				ENABLE_STRICT_OBJC_MSGSEND = YES;
				GCC_C_LANGUAGE_STANDARD = gnu11;
				GCC_NO_COMMON_BLOCKS = YES;
				GCC_WARN_64_TO_32_BIT_CONVERSION = YES;
				GCC_WARN_ABOUT_RETURN_TYPE = YES_ERROR;
				GCC_WARN_UNDECLARED_SELECTOR = YES;
				GCC_WARN_UNINITIALIZED_AUTOS = YES_AGGRESSIVE;
				GCC_WARN_UNUSED_FUNCTION = YES;
				GCC_WARN_UNUSED_VARIABLE = YES;
				IPHONEOS_DEPLOYMENT_TARGET = 14.4;
				MTL_ENABLE_DEBUG_INFO = NO;
				MTL_FAST_MATH = YES;
				SDKROOT = iphoneos;
				SWIFT_COMPILATION_MODE = wholemodule;
				SWIFT_OPTIMIZATION_LEVEL = "-O";
				VALIDATE_PRODUCT = YES;
			};
			name = Release;
		};
		0B84900C25DC967A00FA7F6F /* Debug */ = {
			isa = XCBuildConfiguration;
			baseConfigurationReference = E791C5BC011A22EAC67D0E87 /* Pods-flixter.debug.xcconfig */;
			buildSettings = {
				ASSETCATALOG_COMPILER_APPICON_NAME = AppIcon;
				ASSETCATALOG_COMPILER_GLOBAL_ACCENT_COLOR_NAME = AccentColor;
				CODE_SIGN_STYLE = Automatic;
				DEVELOPMENT_TEAM = TFAHL2G84G;
				INFOPLIST_FILE = flixter/Info.plist;
				LD_RUNPATH_SEARCH_PATHS = (
					"$(inherited)",
					"@executable_path/Frameworks",
				);
				PRODUCT_BUNDLE_IDENTIFIER = anya.flixter;
				PRODUCT_NAME = "$(TARGET_NAME)";
				SWIFT_VERSION = 5.0;
				TARGETED_DEVICE_FAMILY = "1,2";
			};
			name = Debug;
		};
		0B84900D25DC967A00FA7F6F /* Release */ = {
			isa = XCBuildConfiguration;
			baseConfigurationReference = 53775FB00EA7A581619EA93D /* Pods-flixter.release.xcconfig */;
			buildSettings = {
				ASSETCATALOG_COMPILER_APPICON_NAME = AppIcon;
				ASSETCATALOG_COMPILER_GLOBAL_ACCENT_COLOR_NAME = AccentColor;
				CODE_SIGN_STYLE = Automatic;
				DEVELOPMENT_TEAM = TFAHL2G84G;
				INFOPLIST_FILE = flixter/Info.plist;
				LD_RUNPATH_SEARCH_PATHS = (
					"$(inherited)",
					"@executable_path/Frameworks",
				);
				PRODUCT_BUNDLE_IDENTIFIER = anya.flixter;
				PRODUCT_NAME = "$(TARGET_NAME)";
				SWIFT_VERSION = 5.0;
				TARGETED_DEVICE_FAMILY = "1,2";
			};
			name = Release;
		};
		0B84900F25DC967A00FA7F6F /* Debug */ = {
			isa = XCBuildConfiguration;
			baseConfigurationReference = E157F890DAABFA71C998C52C /* Pods-flixterTests.debug.xcconfig */;
			buildSettings = {
				ALWAYS_EMBED_SWIFT_STANDARD_LIBRARIES = YES;
				BUNDLE_LOADER = "$(TEST_HOST)";
				CODE_SIGN_STYLE = Automatic;
				DEVELOPMENT_TEAM = TFAHL2G84G;
				INFOPLIST_FILE = flixterTests/Info.plist;
				IPHONEOS_DEPLOYMENT_TARGET = 14.4;
				LD_RUNPATH_SEARCH_PATHS = (
					"$(inherited)",
					"@executable_path/Frameworks",
					"@loader_path/Frameworks",
				);
				PRODUCT_BUNDLE_IDENTIFIER = anya.flixterTests;
				PRODUCT_NAME = "$(TARGET_NAME)";
				SWIFT_VERSION = 5.0;
				TARGETED_DEVICE_FAMILY = "1,2";
				TEST_HOST = "$(BUILT_PRODUCTS_DIR)/flixter.app/flixter";
			};
			name = Debug;
		};
		0B84901025DC967A00FA7F6F /* Release */ = {
			isa = XCBuildConfiguration;
			baseConfigurationReference = E374560C6A966E0AA2563B5C /* Pods-flixterTests.release.xcconfig */;
			buildSettings = {
				ALWAYS_EMBED_SWIFT_STANDARD_LIBRARIES = YES;
				BUNDLE_LOADER = "$(TEST_HOST)";
				CODE_SIGN_STYLE = Automatic;
				DEVELOPMENT_TEAM = TFAHL2G84G;
				INFOPLIST_FILE = flixterTests/Info.plist;
				IPHONEOS_DEPLOYMENT_TARGET = 14.4;
				LD_RUNPATH_SEARCH_PATHS = (
					"$(inherited)",
					"@executable_path/Frameworks",
					"@loader_path/Frameworks",
				);
				PRODUCT_BUNDLE_IDENTIFIER = anya.flixterTests;
				PRODUCT_NAME = "$(TARGET_NAME)";
				SWIFT_VERSION = 5.0;
				TARGETED_DEVICE_FAMILY = "1,2";
				TEST_HOST = "$(BUILT_PRODUCTS_DIR)/flixter.app/flixter";
			};
			name = Release;
		};
		0B84901225DC967A00FA7F6F /* Debug */ = {
			isa = XCBuildConfiguration;
			baseConfigurationReference = 33ADEDDF6EB0105C246B0166 /* Pods-flixter-flixterUITests.debug.xcconfig */;
			buildSettings = {
				ALWAYS_EMBED_SWIFT_STANDARD_LIBRARIES = YES;
				CODE_SIGN_STYLE = Automatic;
				DEVELOPMENT_TEAM = TFAHL2G84G;
				INFOPLIST_FILE = flixterUITests/Info.plist;
				LD_RUNPATH_SEARCH_PATHS = (
					"$(inherited)",
					"@executable_path/Frameworks",
					"@loader_path/Frameworks",
				);
				PRODUCT_BUNDLE_IDENTIFIER = anya.flixterUITests;
				PRODUCT_NAME = "$(TARGET_NAME)";
				SWIFT_VERSION = 5.0;
				TARGETED_DEVICE_FAMILY = "1,2";
				TEST_TARGET_NAME = flixter;
			};
			name = Debug;
		};
		0B84901325DC967A00FA7F6F /* Release */ = {
			isa = XCBuildConfiguration;
			baseConfigurationReference = ED2BBC6550039BAE19BA8AA9 /* Pods-flixter-flixterUITests.release.xcconfig */;
			buildSettings = {
				ALWAYS_EMBED_SWIFT_STANDARD_LIBRARIES = YES;
				CODE_SIGN_STYLE = Automatic;
				DEVELOPMENT_TEAM = TFAHL2G84G;
				INFOPLIST_FILE = flixterUITests/Info.plist;
				LD_RUNPATH_SEARCH_PATHS = (
					"$(inherited)",
					"@executable_path/Frameworks",
					"@loader_path/Frameworks",
				);
				PRODUCT_BUNDLE_IDENTIFIER = anya.flixterUITests;
				PRODUCT_NAME = "$(TARGET_NAME)";
				SWIFT_VERSION = 5.0;
				TARGETED_DEVICE_FAMILY = "1,2";
				TEST_TARGET_NAME = flixter;
			};
			name = Release;
		};
/* End XCBuildConfiguration section */

/* Begin XCConfigurationList section */
		0B848FDC25DC967300FA7F6F /* Build configuration list for PBXProject "flixter" */ = {
			isa = XCConfigurationList;
			buildConfigurations = (
				0B84900925DC967A00FA7F6F /* Debug */,
				0B84900A25DC967A00FA7F6F /* Release */,
			);
			defaultConfigurationIsVisible = 0;
			defaultConfigurationName = Release;
		};
		0B84900B25DC967A00FA7F6F /* Build configuration list for PBXNativeTarget "flixter" */ = {
			isa = XCConfigurationList;
			buildConfigurations = (
				0B84900C25DC967A00FA7F6F /* Debug */,
				0B84900D25DC967A00FA7F6F /* Release */,
			);
			defaultConfigurationIsVisible = 0;
			defaultConfigurationName = Release;
		};
		0B84900E25DC967A00FA7F6F /* Build configuration list for PBXNativeTarget "flixterTests" */ = {
			isa = XCConfigurationList;
			buildConfigurations = (
				0B84900F25DC967A00FA7F6F /* Debug */,
				0B84901025DC967A00FA7F6F /* Release */,
			);
			defaultConfigurationIsVisible = 0;
			defaultConfigurationName = Release;
		};
		0B84901125DC967A00FA7F6F /* Build configuration list for PBXNativeTarget "flixterUITests" */ = {
			isa = XCConfigurationList;
			buildConfigurations = (
				0B84901225DC967A00FA7F6F /* Debug */,
				0B84901325DC967A00FA7F6F /* Release */,
			);
			defaultConfigurationIsVisible = 0;
			defaultConfigurationName = Release;
		};
/* End XCConfigurationList section */
	};
	rootObject = 0B848FD925DC967300FA7F6F /* Project object */;
}
